
Microsoft Visual Studio Solution File, Format Version 12.00
# Visual Studio 15
Project("{FAE04EC0-301F-11D3-BF4B-00C04F79EFBC}") = "Assembly-CSharp-firstpass", "Assembly-CSharp-firstpass.csproj", "{4301BC23-87D1-2526-6E08-B61F86C8060B}"
EndProject
Project("{FAE04EC0-301F-11D3-BF4B-00C04F79EFBC}") = "Assembly-CSharp", "Assembly-CSharp.csproj", "{3CD0A84E-359F-A64F-1C61-014E4C45C06A}"
EndProject
Project("{FAE04EC0-301F-11D3-BF4B-00C04F79EFBC}") = "Assembly-CSharp-Editor", "Assembly-CSharp-Editor.csproj", "{D8851BB9-6491-071F-3EB2-A19D468D41C7}"
EndProject
Project("{FAE04EC0-301F-11D3-BF4B-00C04F79EFBC}") = "Assembly-CSharp-Editor-firstpass", "Assembly-CSharp-Editor-firstpass.csproj", "{AD1159EE-8584-8481-F094-088EACEC38FD}"
EndProject
Global
	GlobalSection(SolutionConfigurationPlatforms) = preSolution
		Debug|Any CPU = Debug|Any CPU
		Release|Any CPU = Release|Any CPU
	EndGlobalSection
	GlobalSection(ProjectConfigurationPlatforms) = postSolution
		{4301BC23-87D1-2526-6E08-B61F86C8060B}.Debug|Any CPU.ActiveCfg = Debug|Any CPU
		{4301BC23-87D1-2526-6E08-B61F86C8060B}.Debug|Any CPU.Build.0 = Debug|Any CPU
		{4301BC23-87D1-2526-6E08-B61F86C8060B}.Release|Any CPU.ActiveCfg = Release|Any CPU
		{4301BC23-87D1-2526-6E08-B61F86C8060B}.Release|Any CPU.Build.0 = Release|Any CPU
		{3CD0A84E-359F-A64F-1C61-014E4C45C06A}.Debug|Any CPU.ActiveCfg = Debug|Any CPU
		{3CD0A84E-359F-A64F-1C61-014E4C45C06A}.Debug|Any CPU.Build.0 = Debug|Any CPU
		{3CD0A84E-359F-A64F-1C61-014E4C45C06A}.Release|Any CPU.ActiveCfg = Release|Any CPU
		{3CD0A84E-359F-A64F-1C61-014E4C45C06A}.Release|Any CPU.Build.0 = Release|Any CPU
		{D8851BB9-6491-071F-3EB2-A19D468D41C7}.Debug|Any CPU.ActiveCfg = Debug|Any CPU
		{D8851BB9-6491-071F-3EB2-A19D468D41C7}.Debug|Any CPU.Build.0 = Debug|Any CPU
		{D8851BB9-6491-071F-3EB2-A19D468D41C7}.Release|Any CPU.ActiveCfg = Release|Any CPU
		{D8851BB9-6491-071F-3EB2-A19D468D41C7}.Release|Any CPU.Build.0 = Release|Any CPU
		{AD1159EE-8584-8481-F094-088EACEC38FD}.Debug|Any CPU.ActiveCfg = Debug|Any CPU
		{AD1159EE-8584-8481-F094-088EACEC38FD}.Debug|Any CPU.Build.0 = Debug|Any CPU
		{AD1159EE-8584-8481-F094-088EACEC38FD}.Release|Any CPU.ActiveCfg = Release|Any CPU
		{AD1159EE-8584-8481-F094-088EACEC38FD}.Release|Any CPU.Build.0 = Release|Any CPU
	EndGlobalSection
	GlobalSection(SolutionProperties) = preSolution
		HideSolutionNode = FALSE
	EndGlobalSection
EndGlobal
